{
  "object": {
    "pins": [
      {
        "package": "OpenCombine",
        "repositoryURL": "https://github.com/OpenCombine/OpenCombine.git",
        "state": {
          "branch": null,
          "revision": "f3d068d6f2090d2913c9e1b75cc36cef962a530c",
          "version": "0.10.0"
        }
      },
      {
        "package": "swift-rest-client",
        "repositoryURL": "https://github.com/SouthwestKoala/swift-rest-client",
        "state": {
          "branch": null,
          "revision": "548628d3babac11a3c08078aeb77e2fa7168945b",
          "version": "0.1.0"
        }
      }
    ]
  },
  "version": 1
}
